
Microsoft Visual Studio Solution File, Format Version 12.00
# Visual Studio Version 17
VisualStudioVersion = 17.12.35527.113 d17.12
MinimumVisualStudioVersion = 10.0.40219.1
Project("{2150E333-8FDC-42A3-9474-1A3956D46DE8}") = "src", "src", "{F2F3FCB1-87D5-42A6-89C4-2A0EEBFF214B}"
EndProject
Project("{2150E333-8FDC-42A3-9474-1A3956D46DE8}") = "tests", "tests", "{8EE0538F-9C0F-42AD-AADB-BB531847C0B0}"
EndProject
Project("{2150E333-8FDC-42A3-9474-1A3956D46DE8}") = "2024", "2024", "{83F3AD48-3D34-45A4-A679-E58F8BFDD952}"
EndProject
Project("{2150E333-8FDC-42A3-9474-1A3956D46DE8}") = "2024", "2024", "{F18A9ECD-9711-4DDE-A033-C6C528150BB7}"
EndProject
Project("{FAE04EC0-301F-11D3-BF4B-00C04F79EFBC}") = "Aoc.Year2024.Day18", "src\2024\Aoc.Year2024.Day18\Aoc.Year2024.Day18.csproj", "{2961E811-B742-484E-8F11-8368D720A8C0}"
EndProject
Project("{FAE04EC0-301F-11D3-BF4B-00C04F79EFBC}") = "Aoc.Year2024.Day18.Tests", "Aoc.Year2024.Day18.Tests\Aoc.Year2024.Day18.Tests.csproj", "{2CDA9E0D-B237-48F0-860D-6DADC6B91258}"
EndProject
Project("{FAE04EC0-301F-11D3-BF4B-00C04F79EFBC}") = "Aoc.Shared", "src\Aoc.Shared\Aoc.Shared.csproj", "{229EA368-DE47-428B-A3A5-925F1395BF95}"
EndProject
Project("{FAE04EC0-301F-11D3-BF4B-00C04F79EFBC}") = "Aoc.Shared.Tests", "tests\Aoc.Shared.Tests\Aoc.Shared.Tests.csproj", "{64A7A95D-0C19-455B-838B-8EFC0F4D9D74}"
EndProject
Project("{FAE04EC0-301F-11D3-BF4B-00C04F79EFBC}") = "Aoc.Support", "Aoc.Support\Aoc.Support.csproj", "{6FFBDD02-3D69-4249-9D90-AE3B2CF67CF6}"
EndProject
Project("{FAE04EC0-301F-11D3-BF4B-00C04F79EFBC}") = "Aoc.Algorithms", "src\Aoc.Algorithms\Aoc.Algorithms.csproj", "{83A9DA72-7A42-4FA4-A0A2-671B26C99855}"
EndProject
Project("{FAE04EC0-301F-11D3-BF4B-00C04F79EFBC}") = "Aoc.Algorithms.Tests", "tests\Aoc.Algorithms.Tests\Aoc.Algorithms.Tests.csproj", "{624EFFEA-FC18-4862-B7DD-0F0F6EB646D2}"
EndProject
Project("{FAE04EC0-301F-11D3-BF4B-00C04F79EFBC}") = "Aoc.Year2024.Day24", "src\2024\Aoc.Year2024.Day24\Aoc.Year2024.Day24.csproj", "{C5A200FC-DA9D-4F57-A674-0DA39FDFE34B}"
EndProject
Global
	GlobalSection(SolutionConfigurationPlatforms) = preSolution
		Debug|Any CPU = Debug|Any CPU
		Release|Any CPU = Release|Any CPU
	EndGlobalSection
	GlobalSection(ProjectConfigurationPlatforms) = postSolution
		{2961E811-B742-484E-8F11-8368D720A8C0}.Debug|Any CPU.ActiveCfg = Debug|Any CPU
		{2961E811-B742-484E-8F11-8368D720A8C0}.Debug|Any CPU.Build.0 = Debug|Any CPU
		{2961E811-B742-484E-8F11-8368D720A8C0}.Release|Any CPU.ActiveCfg = Release|Any CPU
		{2961E811-B742-484E-8F11-8368D720A8C0}.Release|Any CPU.Build.0 = Release|Any CPU
		{2CDA9E0D-B237-48F0-860D-6DADC6B91258}.Debug|Any CPU.ActiveCfg = Debug|Any CPU
		{2CDA9E0D-B237-48F0-860D-6DADC6B91258}.Debug|Any CPU.Build.0 = Debug|Any CPU
		{2CDA9E0D-B237-48F0-860D-6DADC6B91258}.Release|Any CPU.ActiveCfg = Release|Any CPU
		{2CDA9E0D-B237-48F0-860D-6DADC6B91258}.Release|Any CPU.Build.0 = Release|Any CPU
		{229EA368-DE47-428B-A3A5-925F1395BF95}.Debug|Any CPU.ActiveCfg = Debug|Any CPU
		{229EA368-DE47-428B-A3A5-925F1395BF95}.Debug|Any CPU.Build.0 = Debug|Any CPU
		{229EA368-DE47-428B-A3A5-925F1395BF95}.Release|Any CPU.ActiveCfg = Release|Any CPU
		{229EA368-DE47-428B-A3A5-925F1395BF95}.Release|Any CPU.Build.0 = Release|Any CPU
		{64A7A95D-0C19-455B-838B-8EFC0F4D9D74}.Debug|Any CPU.ActiveCfg = Debug|Any CPU
		{64A7A95D-0C19-455B-838B-8EFC0F4D9D74}.Debug|Any CPU.Build.0 = Debug|Any CPU
		{64A7A95D-0C19-455B-838B-8EFC0F4D9D74}.Release|Any CPU.ActiveCfg = Release|Any CPU
		{64A7A95D-0C19-455B-838B-8EFC0F4D9D74}.Release|Any CPU.Build.0 = Release|Any CPU
		{6FFBDD02-3D69-4249-9D90-AE3B2CF67CF6}.Debug|Any CPU.ActiveCfg = Debug|Any CPU
		{6FFBDD02-3D69-4249-9D90-AE3B2CF67CF6}.Debug|Any CPU.Build.0 = Debug|Any CPU
		{6FFBDD02-3D69-4249-9D90-AE3B2CF67CF6}.Release|Any CPU.ActiveCfg = Release|Any CPU
		{6FFBDD02-3D69-4249-9D90-AE3B2CF67CF6}.Release|Any CPU.Build.0 = Release|Any CPU
		{83A9DA72-7A42-4FA4-A0A2-671B26C99855}.Debug|Any CPU.ActiveCfg = Debug|Any CPU
		{83A9DA72-7A42-4FA4-A0A2-671B26C99855}.Debug|Any CPU.Build.0 = Debug|Any CPU
		{83A9DA72-7A42-4FA4-A0A2-671B26C99855}.Release|Any CPU.ActiveCfg = Release|Any CPU
		{83A9DA72-7A42-4FA4-A0A2-671B26C99855}.Release|Any CPU.Build.0 = Release|Any CPU
		{624EFFEA-FC18-4862-B7DD-0F0F6EB646D2}.Debug|Any CPU.ActiveCfg = Debug|Any CPU
		{624EFFEA-FC18-4862-B7DD-0F0F6EB646D2}.Debug|Any CPU.Build.0 = Debug|Any CPU
		{624EFFEA-FC18-4862-B7DD-0F0F6EB646D2}.Release|Any CPU.ActiveCfg = Release|Any CPU
		{624EFFEA-FC18-4862-B7DD-0F0F6EB646D2}.Release|Any CPU.Build.0 = Release|Any CPU
		{C5A200FC-DA9D-4F57-A674-0DA39FDFE34B}.Debug|Any CPU.ActiveCfg = Debug|Any CPU
		{C5A200FC-DA9D-4F57-A674-0DA39FDFE34B}.Debug|Any CPU.Build.0 = Debug|Any CPU
		{C5A200FC-DA9D-4F57-A674-0DA39FDFE34B}.Release|Any CPU.ActiveCfg = Release|Any CPU
		{C5A200FC-DA9D-4F57-A674-0DA39FDFE34B}.Release|Any CPU.Build.0 = Release|Any CPU
	EndGlobalSection
	GlobalSection(SolutionProperties) = preSolution
		HideSolutionNode = FALSE
	EndGlobalSection
	GlobalSection(NestedProjects) = preSolution
		{83F3AD48-3D34-45A4-A679-E58F8BFDD952} = {F2F3FCB1-87D5-42A6-89C4-2A0EEBFF214B}
		{F18A9ECD-9711-4DDE-A033-C6C528150BB7} = {8EE0538F-9C0F-42AD-AADB-BB531847C0B0}
		{2961E811-B742-484E-8F11-8368D720A8C0} = {83F3AD48-3D34-45A4-A679-E58F8BFDD952}
		{2CDA9E0D-B237-48F0-860D-6DADC6B91258} = {F18A9ECD-9711-4DDE-A033-C6C528150BB7}
		{229EA368-DE47-428B-A3A5-925F1395BF95} = {F2F3FCB1-87D5-42A6-89C4-2A0EEBFF214B}
		{64A7A95D-0C19-455B-838B-8EFC0F4D9D74} = {8EE0538F-9C0F-42AD-AADB-BB531847C0B0}
		{6FFBDD02-3D69-4249-9D90-AE3B2CF67CF6} = {F2F3FCB1-87D5-42A6-89C4-2A0EEBFF214B}
		{83A9DA72-7A42-4FA4-A0A2-671B26C99855} = {F2F3FCB1-87D5-42A6-89C4-2A0EEBFF214B}
		{624EFFEA-FC18-4862-B7DD-0F0F6EB646D2} = {8EE0538F-9C0F-42AD-AADB-BB531847C0B0}
		{C5A200FC-DA9D-4F57-A674-0DA39FDFE34B} = {83F3AD48-3D34-45A4-A679-E58F8BFDD952}
	EndGlobalSection
EndGlobal
