
Microsoft Visual Studio Solution File, Format Version 12.00
# Visual Studio Version 17
VisualStudioVersion = 17.11.35431.28
MinimumVisualStudioVersion = 10.0.40219.1
Project("{FAE04EC0-301F-11D3-BF4B-00C04F79EFBC}") = "aoc-day11", "aoc-day11.csproj", "{1CCC25ED-7002-4F41-A333-D1BB4C4B3DA5}"
EndProject
Global
	GlobalSection(SolutionConfigurationPlatforms) = preSolution
		Debug|Any CPU = Debug|Any CPU
		Release|Any CPU = Release|Any CPU
	EndGlobalSection
	GlobalSection(ProjectConfigurationPlatforms) = postSolution
		{1CCC25ED-7002-4F41-A333-D1BB4C4B3DA5}.Debug|Any CPU.ActiveCfg = Debug|Any CPU
		{1CCC25ED-7002-4F41-A333-D1BB4C4B3DA5}.Debug|Any CPU.Build.0 = Debug|Any CPU
		{1CCC25ED-7002-4F41-A333-D1BB4C4B3DA5}.Release|Any CPU.ActiveCfg = Release|Any CPU
		{1CCC25ED-7002-4F41-A333-D1BB4C4B3DA5}.Release|Any CPU.Build.0 = Release|Any CPU
	EndGlobalSection
	GlobalSection(SolutionProperties) = preSolution
		HideSolutionNode = FALSE
	EndGlobalSection
	GlobalSection(ExtensibilityGlobals) = postSolution
		SolutionGuid = {F961F535-8040-47C5-889D-A32E90D329A3}
	EndGlobalSection
EndGlobal
